# THIS IS AN AUTOGENERATED FILE. DO NOT EDIT THIS FILE DIRECTLY.
# yarn lockfile v1


"@tailwindcss/forms@^0.3.3":
  version "0.3.3"
  resolved "https://registry.yarnpkg.com/@tailwindcss/forms/-/forms-0.3.3.tgz#a29d22668804f3dae293dcadbef1aa6315c45b64"
  integrity sha512-U8Fi/gq4mSuaLyLtFISwuDYzPB73YzgozjxOIHsK6NXgg/IWD1FLaHbFlWmurAMyy98O+ao74ksdQefsquBV1Q==
  dependencies:
    mini-svg-data-uri "^1.2.3"

mini-svg-data-uri@^1.2.3:
  version "1.3.3"
  resolved "https://registry.yarnpkg.com/mini-svg-data-uri/-/mini-svg-data-uri-1.3.3.tgz#91d2c09f45e056e5e1043340b8b37ba7b50f4fac"
  integrity sha512-+fA2oRcR1dJI/7ITmeQJDrYWks0wodlOz0pAEhKYJ2IVc1z0AnwJUsKY2fzFmPAM3Jo9J0rBx8JAA9QQSJ5PuA==
